
Microsoft Visual Studio Solution File, Format Version 12.00
# Visual Studio Version 16
VisualStudioVersion = 16.0.29403.142
MinimumVisualStudioVersion = 10.0.40219.1
Project("{FAE04EC0-301F-11D3-BF4B-00C04F79EFBC}") = "IncidentManager", "CSLog\IncidentManager.csproj", "{28AE53DF-6D92-4F4A-8A1B-99042DB0628C}"
EndProject
Project("{FAE04EC0-301F-11D3-BF4B-00C04F79EFBC}") = "IncidentManager.Domain", "CSLog.Domain\IncidentManager.Domain.csproj", "{6E45B2F2-232E-4C29-803F-F9D5EC21980B}"
EndProject
Global
	GlobalSection(SolutionConfigurationPlatforms) = preSolution
		Debug|Any CPU = Debug|Any CPU
		Release|Any CPU = Release|Any CPU
	EndGlobalSection
	GlobalSection(ProjectConfigurationPlatforms) = postSolution
		{28AE53DF-6D92-4F4A-8A1B-99042DB0628C}.Debug|Any CPU.ActiveCfg = Debug|Any CPU
		{28AE53DF-6D92-4F4A-8A1B-99042DB0628C}.Debug|Any CPU.Build.0 = Debug|Any CPU
		{28AE53DF-6D92-4F4A-8A1B-99042DB0628C}.Release|Any CPU.ActiveCfg = Release|Any CPU
		{28AE53DF-6D92-4F4A-8A1B-99042DB0628C}.Release|Any CPU.Build.0 = Release|Any CPU
		{6E45B2F2-232E-4C29-803F-F9D5EC21980B}.Debug|Any CPU.ActiveCfg = Debug|Any CPU
		{6E45B2F2-232E-4C29-803F-F9D5EC21980B}.Debug|Any CPU.Build.0 = Debug|Any CPU
		{6E45B2F2-232E-4C29-803F-F9D5EC21980B}.Release|Any CPU.ActiveCfg = Release|Any CPU
		{6E45B2F2-232E-4C29-803F-F9D5EC21980B}.Release|Any CPU.Build.0 = Release|Any CPU
	EndGlobalSection
	GlobalSection(SolutionProperties) = preSolution
		HideSolutionNode = FALSE
	EndGlobalSection
	GlobalSection(ExtensibilityGlobals) = postSolution
		SolutionGuid = {9FB52FFD-F97E-4610-9AAF-7D752DDF40E0}
	EndGlobalSection
EndGlobal
